<?xml version="1.0" encoding="utf-8"?>
<Project ToolsVersion="4.0" xmlns="http://schemas.microsoft.com/developer/msbuild/2003">
  <ItemGroup>
    <None Include="packages.config" />
  </ItemGroup>
  <ItemGroup>
    <ClCompile Include="World.cpp">
      <Filter>src\Simulation\World</Filter>
    </ClCompile>
    <ClCompile Include="UserInterface.cpp">
      <Filter>src\UserInterface</Filter>
    </ClCompile>
    <ClCompile Include="Position.cpp">
      <Filter>src\Simulation\Fundamentals</Filter>
    </ClCompile>
    <ClCompile Include="Logger.cpp">
      <Filter>src\UserInterface</Filter>
    </ClCompile>
    <ClCompile Include="Display.cpp">
      <Filter>src\UserInterface</Filter>
    </ClCompile>
    <ClCompile Include="LushLands.cpp" />
    <ClCompile Include="ChunkSystem.cpp">
      <Filter>src\Simulation\World\ChunkSystem</Filter>
    </ClCompile>
    <ClCompile Include="BaseWorldPlanner.cpp">
      <Filter>src\Simulation\World\WorldPlanners</Filter>
    </ClCompile>
    <ClCompile Include="FlatlandWorldPlanner.cpp">
      <Filter>src\Simulation\World\WorldPlanners</Filter>
    </ClCompile>
    <ClCompile Include="Entity.cpp">
      <Filter>src\Simulation\Fundamentals</Filter>
    </ClCompile>
    <ClCompile Include="Chunk.cpp">
      <Filter>src\Simulation\World\ChunkSystem</Filter>
    </ClCompile>
    <ClCompile Include="ControlManager.cpp">
      <Filter>src\Simulation\World\Managers</Filter>
    </ClCompile>
    <ClCompile Include="Connectors.cpp">
      <Filter>src\Core</Filter>
    </ClCompile>
    <ClCompile Include="ActionMap.cpp">
      <Filter>src\UserInterface\Input</Filter>
    </ClCompile>
    <ClCompile Include="Controller.cpp">
      <Filter>src\UserInterface\Input</Filter>
    </ClCompile>
    <ClCompile Include="Events.cpp">
      <Filter>src\Core</Filter>
    </ClCompile>
    <ClCompile Include="Actions.cpp">
      <Filter>src\UserInterface\Input</Filter>
    </ClCompile>
  </ItemGroup>
  <ItemGroup>
    <ClInclude Include="World.h">
      <Filter>src\Simulation\World</Filter>
    </ClInclude>
    <ClInclude Include="UserInterface.h">
      <Filter>src\UserInterface</Filter>
    </ClInclude>
    <ClInclude Include="Position.h">
      <Filter>src\Simulation\Fundamentals</Filter>
    </ClInclude>
    <ClInclude Include="Logger.h">
      <Filter>src\UserInterface</Filter>
    </ClInclude>
    <ClInclude Include="Display.h">
      <Filter>src\UserInterface</Filter>
    </ClInclude>
    <ClInclude Include="IControlNode.h">
      <Filter>src\Interfaces</Filter>
    </ClInclude>
    <ClInclude Include="ChunkSystem.h">
      <Filter>src\Simulation\World\ChunkSystem</Filter>
    </ClInclude>
    <ClInclude Include="LushLands.h" />
    <ClInclude Include="BaseWorldPlanner.h">
      <Filter>src\Simulation\World\WorldPlanners</Filter>
    </ClInclude>
    <ClInclude Include="FlatlandWorldPlanner.h">
      <Filter>src\Simulation\World\WorldPlanners</Filter>
    </ClInclude>
    <ClInclude Include="Entity.h">
      <Filter>src\Simulation\Fundamentals</Filter>
    </ClInclude>
    <ClInclude Include="Chunk.h">
      <Filter>src\Simulation\World\ChunkSystem</Filter>
    </ClInclude>
    <ClInclude Include="ControlManager.h">
      <Filter>src\Simulation\World\Managers</Filter>
    </ClInclude>
    <ClInclude Include="ActionMap.h">
      <Filter>src\UserInterface\Input</Filter>
    </ClInclude>
    <ClInclude Include="Controller.h">
      <Filter>src\UserInterface\Input</Filter>
    </ClInclude>
    <ClInclude Include="Events.h">
      <Filter>src\Core</Filter>
    </ClInclude>
    <ClInclude Include="Actions.h">
      <Filter>src\UserInterface\Input</Filter>
    </ClInclude>
    <ClInclude Include="DataTypes.h">
      <Filter>src\Core</Filter>
    </ClInclude>
    <ClInclude Include="Constants.h">
      <Filter>src\Core</Filter>
    </ClInclude>
    <ClInclude Include="Connectors.h">
      <Filter>src\Core</Filter>
    </ClInclude>
  </ItemGroup>
  <ItemGroup>
    <Filter Include="src">
      <UniqueIdentifier>{6c5626ad-7a06-437c-80e6-f4edc691e7d7}</UniqueIdentifier>
    </Filter>
    <Filter Include="src\UserInterface">
      <UniqueIdentifier>{b8d2bfba-d456-4e0e-a9a8-d5bb75c5a0e8}</UniqueIdentifier>
    </Filter>
    <Filter Include="src\Simulation">
      <UniqueIdentifier>{25ce27c8-47e3-4934-81ff-7f449ce94ee2}</UniqueIdentifier>
    </Filter>
    <Filter Include="src\Interfaces">
      <UniqueIdentifier>{d71f6567-2650-4169-9610-68b4c9a317ce}</UniqueIdentifier>
    </Filter>
    <Filter Include="src\Simulation\World">
      <UniqueIdentifier>{7a0343a9-eb76-4c80-825b-66050111b714}</UniqueIdentifier>
    </Filter>
    <Filter Include="src\Simulation\World\ChunkSystem">
      <UniqueIdentifier>{8e84cd75-537c-406a-9246-8a761b049640}</UniqueIdentifier>
    </Filter>
    <Filter Include="src\Simulation\Fundamentals">
      <UniqueIdentifier>{7a4596db-1a9d-4832-a249-a221d6913b55}</UniqueIdentifier>
    </Filter>
    <Filter Include="src\Simulation\World\WorldPlanners">
      <UniqueIdentifier>{56756d01-6f74-4ae7-93e6-286584bc9f92}</UniqueIdentifier>
    </Filter>
    <Filter Include="src\Simulation\World\Managers">
      <UniqueIdentifier>{a22cecab-8a5c-4316-b241-c15850566dcc}</UniqueIdentifier>
    </Filter>
    <Filter Include="src\UserInterface\Input">
      <UniqueIdentifier>{e56eb384-f385-4064-abba-63daf5d8d0a1}</UniqueIdentifier>
    </Filter>
    <Filter Include="src\Core">
      <UniqueIdentifier>{507e623a-c6d4-46ab-9f50-d87ee3342a7b}</UniqueIdentifier>
    </Filter>
  </ItemGroup>
</Project>