<?xml version="1.0" encoding="utf-8"?>
<Project ToolsVersion="4.0" xmlns="http://schemas.microsoft.com/developer/msbuild/2003">
  <ItemGroup>
    <None Include="packages.config" />
  </ItemGroup>
  <ItemGroup>
    <Filter Include="Core">
      <UniqueIdentifier>{3cd2a764-f7bb-4168-86d1-c8d1e801dec0}</UniqueIdentifier>
    </Filter>
    <Filter Include="Core\Tools">
      <UniqueIdentifier>{27ca2a9c-6853-4de6-a06d-97001c400b40}</UniqueIdentifier>
    </Filter>
    <Filter Include="Core\Logger">
      <UniqueIdentifier>{0430b55f-0e2e-4400-9a01-ea95be0fb17d}</UniqueIdentifier>
    </Filter>
  </ItemGroup>
  <ItemGroup>
    <ClCompile Include="..\LushLands\Core.cpp">
      <Filter>Core</Filter>
    </ClCompile>
    <ClCompile Include="..\LushLands\DataTypes.cpp">
      <Filter>Core</Filter>
    </ClCompile>
    <ClCompile Include="..\LushLands\Color.cpp">
      <Filter>Core</Filter>
    </ClCompile>
    <ClCompile Include="..\LushLands\EventTypes.h">
      <Filter>Core</Filter>
    </ClCompile>
    <ClCompile Include="..\LushLands\GameElement.cpp">
      <Filter>Core</Filter>
    </ClCompile>
    <ClCompile Include="..\LushLands\NameGenerator.cpp">
      <Filter>Core</Filter>
    </ClCompile>
    <ClCompile Include="..\LushLands\Position.cpp">
      <Filter>Core</Filter>
    </ClCompile>
    <ClCompile Include="..\LushLands\WorldRectangle.cpp">
      <Filter>Core</Filter>
    </ClCompile>
    <ClCompile Include="..\LushLands\Size.cpp">
      <Filter>Core</Filter>
    </ClCompile>
    <ClCompile Include="..\LushLands\Time.cpp">
      <Filter>Core</Filter>
    </ClCompile>
    <ClCompile Include="..\LushLands\ConstantRepository.cpp">
      <Filter>Core\Tools</Filter>
    </ClCompile>
    <ClCompile Include="..\LushLands\Directories.cpp">
      <Filter>Core\Tools</Filter>
    </ClCompile>
    <ClCompile Include="..\LushLands\JsonHandler.cpp">
      <Filter>Core\Tools</Filter>
    </ClCompile>
    <ClCompile Include="..\LushLands\NumTools.cpp">
      <Filter>Core\Tools</Filter>
    </ClCompile>
    <ClCompile Include="..\LushLands\FileToArray.cpp">
      <Filter>Core\Tools</Filter>
    </ClCompile>
    <ClCompile Include="..\LushLands\Random_.cpp">
      <Filter>Core\Tools</Filter>
    </ClCompile>
    <ClCompile Include="..\LushLands\Logger.cpp">
      <Filter>Core\Logger</Filter>
    </ClCompile>
    <ClCompile Include="..\LushLands\TextureManager.cpp">
      <Filter>Core\Tools</Filter>
    </ClCompile>
  </ItemGroup>
  <ItemGroup>
    <ClInclude Include="..\LushLands\ChunkElements.h">
      <Filter>Core</Filter>
    </ClInclude>
    <ClInclude Include="..\LushLands\Core.h">
      <Filter>Core</Filter>
    </ClInclude>
    <ClInclude Include="..\LushLands\Color.h">
      <Filter>Core</Filter>
    </ClInclude>
    <ClInclude Include="..\LushLands\Colors.h">
      <Filter>Core</Filter>
    </ClInclude>
    <ClInclude Include="..\LushLands\Constants.h">
      <Filter>Core</Filter>
    </ClInclude>
    <ClInclude Include="..\LushLands\Events.h">
      <Filter>Core</Filter>
    </ClInclude>
    <ClInclude Include="..\LushLands\DataTypes.h">
      <Filter>Core</Filter>
    </ClInclude>
    <ClInclude Include="..\LushLands\ConstantSets.h">
      <Filter>Core</Filter>
    </ClInclude>
    <ClInclude Include="..\LushLands\GameElement.h">
      <Filter>Core</Filter>
    </ClInclude>
    <ClInclude Include="..\LushLands\NameGenerator.h">
      <Filter>Core</Filter>
    </ClInclude>
    <ClInclude Include="..\LushLands\Position.h">
      <Filter>Core</Filter>
    </ClInclude>
    <ClInclude Include="..\LushLands\PositionStructures.h">
      <Filter>Core</Filter>
    </ClInclude>
    <ClInclude Include="..\LushLands\WorldRectangle.h">
      <Filter>Core</Filter>
    </ClInclude>
    <ClInclude Include="..\LushLands\Size.h">
      <Filter>Core</Filter>
    </ClInclude>
    <ClInclude Include="..\LushLands\SystemConstants.h">
      <Filter>Core</Filter>
    </ClInclude>
    <ClInclude Include="..\LushLands\Time.h">
      <Filter>Core</Filter>
    </ClInclude>
    <ClInclude Include="..\LushLands\TimeConstants.h">
      <Filter>Core</Filter>
    </ClInclude>
    <ClInclude Include="..\LushLands\ConstantRepository.h">
      <Filter>Core\Tools</Filter>
    </ClInclude>
    <ClInclude Include="..\LushLands\Directories.h">
      <Filter>Core\Tools</Filter>
    </ClInclude>
    <ClInclude Include="..\LushLands\JsonHandler.h">
      <Filter>Core\Tools</Filter>
    </ClInclude>
    <ClInclude Include="..\LushLands\NumTools.h">
      <Filter>Core\Tools</Filter>
    </ClInclude>
    <ClInclude Include="..\LushLands\FileToArray.h">
      <Filter>Core\Tools</Filter>
    </ClInclude>
    <ClInclude Include="..\LushLands\Random_.h">
      <Filter>Core\Tools</Filter>
    </ClInclude>
    <ClInclude Include="..\LushLands\Logger.h">
      <Filter>Core\Logger</Filter>
    </ClInclude>
    <ClInclude Include="..\LushLands\TextureManager.h">
      <Filter>Core\Tools</Filter>
    </ClInclude>
  </ItemGroup>
</Project>