<?xml version="1.0" encoding="utf-8"?>
<Project ToolsVersion="4.0" xmlns="http://schemas.microsoft.com/developer/msbuild/2003">
  <ItemGroup>
    <Filter Include="Source Files">
      <UniqueIdentifier>{4FC737F1-C7A5-4376-A066-2A32D752A2FF}</UniqueIdentifier>
      <Extensions>cpp;c;cc;cxx;c++;cppm;ixx;def;odl;idl;hpj;bat;asm;asmx</Extensions>
    </Filter>
    <Filter Include="Header Files">
      <UniqueIdentifier>{93995380-89BD-4b04-88EB-625FBE52EBFB}</UniqueIdentifier>
      <Extensions>h;hh;hpp;hxx;h++;hm;inl;inc;ipp;xsd</Extensions>
    </Filter>
    <Filter Include="Resource Files">
      <UniqueIdentifier>{67DA6AB6-F800-4c08-8B7A-83BB121AAD01}</UniqueIdentifier>
      <Extensions>rc;ico;cur;bmp;dlg;rc2;rct;bin;rgs;gif;jpg;jpeg;jpe;resx;tiff;tif;png;wav;mfcribbon-ms</Extensions>
    </Filter>
    <Filter Include="Header Files\Backends">
      <UniqueIdentifier>{cd054040-e08e-4b6d-9b95-dd0d975f69d5}</UniqueIdentifier>
    </Filter>
    <Filter Include="Header Files\Base">
      <UniqueIdentifier>{c3a82fa8-01e2-4129-ae3e-57be63a6fb8a}</UniqueIdentifier>
    </Filter>
    <Filter Include="Header Files\Widgets">
      <UniqueIdentifier>{bdae9d60-81d9-4a19-8378-680aec45bfb7}</UniqueIdentifier>
    </Filter>
  </ItemGroup>
  <ItemGroup>
    <ClInclude Include="Agui\Dimension.hpp">
      <Filter>Header Files</Filter>
    </ClInclude>
    <ClInclude Include="Agui\CursorProvider.hpp">
      <Filter>Header Files</Filter>
    </ClInclude>
    <ClInclude Include="Agui\Color.hpp">
      <Filter>Header Files</Filter>
    </ClInclude>
    <ClInclude Include="Agui\BorderLayout.hpp">
      <Filter>Header Files</Filter>
    </ClInclude>
    <ClInclude Include="Agui\BlinkingEvent.hpp">
      <Filter>Header Files</Filter>
    </ClInclude>
    <ClInclude Include="Agui\BaseTypes.hpp">
      <Filter>Header Files</Filter>
    </ClInclude>
    <ClInclude Include="Agui\Agui.hpp">
      <Filter>Header Files</Filter>
    </ClInclude>
    <ClInclude Include="Agui\ActionListener.hpp">
      <Filter>Header Files</Filter>
    </ClInclude>
    <ClInclude Include="Agui\ActionEvent.hpp">
      <Filter>Header Files</Filter>
    </ClInclude>
    <ClInclude Include="Agui\Widgets\ToolTip\ToolTip.hpp">
      <Filter>Header Files</Filter>
    </ClInclude>
    <ClInclude Include="Agui\Widgets\Tab\TabbedPaneListener.hpp">
      <Filter>Header Files</Filter>
    </ClInclude>
    <ClInclude Include="Agui\Widgets\Tab\TabbedPane.hpp">
      <Filter>Header Files</Filter>
    </ClInclude>
    <ClInclude Include="Agui\Widgets\Tab\Tab.hpp">
      <Filter>Header Files</Filter>
    </ClInclude>
    <ClInclude Include="Agui\Widgets\ScrollPane\ScrollPane.hpp">
      <Filter>Header Files</Filter>
    </ClInclude>
    <ClInclude Include="Agui\Widgets\ImageWidget\ImageWidget.hpp">
      <Filter>Header Files</Filter>
    </ClInclude>
    <ClInclude Include="Agui\Widgets\Frame\FrameListener.hpp">
      <Filter>Header Files</Filter>
    </ClInclude>
    <ClInclude Include="Agui\Widgets\Frame\Frame.hpp">
      <Filter>Header Files</Filter>
    </ClInclude>
    <ClInclude Include="Agui\Clipboard\WinClipboard.hpp">
      <Filter>Header Files</Filter>
    </ClInclude>
    <ClInclude Include="Agui\Clipboard\OSXClipboard.hpp">
      <Filter>Header Files</Filter>
    </ClInclude>
    <ClInclude Include="Agui\Clipboard\Clipboard.hpp">
      <Filter>Header Files</Filter>
    </ClInclude>
    <ClInclude Include="Agui\UTF8.hpp">
      <Filter>Header Files</Filter>
    </ClInclude>
    <ClInclude Include="Agui\Transform.hpp">
      <Filter>Header Files</Filter>
    </ClInclude>
    <ClInclude Include="Agui\TopContainer.hpp">
      <Filter>Header Files</Filter>
    </ClInclude>
    <ClInclude Include="Agui\TapListener.hpp">
      <Filter>Header Files</Filter>
    </ClInclude>
    <ClInclude Include="Agui\TableLayout.hpp">
      <Filter>Header Files</Filter>
    </ClInclude>
    <ClInclude Include="Agui\SelectionListener.hpp">
      <Filter>Header Files</Filter>
    </ClInclude>
    <ClInclude Include="Agui\ResizableText.hpp">
      <Filter>Header Files</Filter>
    </ClInclude>
    <ClInclude Include="Agui\ResizableBorderLayout.hpp">
      <Filter>Header Files</Filter>
    </ClInclude>
    <ClInclude Include="Agui\Rectangle.hpp">
      <Filter>Header Files</Filter>
    </ClInclude>
    <ClInclude Include="Agui\Point.hpp">
      <Filter>Header Files</Filter>
    </ClInclude>
    <ClInclude Include="Agui\Platform.hpp">
      <Filter>Header Files</Filter>
    </ClInclude>
    <ClInclude Include="Agui\MouseListener.hpp">
      <Filter>Header Files</Filter>
    </ClInclude>
    <ClInclude Include="Agui\Layout.hpp">
      <Filter>Header Files</Filter>
    </ClInclude>
    <ClInclude Include="Agui\KeyboardListener.hpp">
      <Filter>Header Files</Filter>
    </ClInclude>
    <ClInclude Include="Agui\Input.hpp">
      <Filter>Header Files</Filter>
    </ClInclude>
    <ClInclude Include="Agui\ImageLoader.hpp">
      <Filter>Header Files</Filter>
    </ClInclude>
    <ClInclude Include="Agui\Image.hpp">
      <Filter>Header Files</Filter>
    </ClInclude>
    <ClInclude Include="Agui\Gui.hpp">
      <Filter>Header Files</Filter>
    </ClInclude>
    <ClInclude Include="Agui\GridLayout.hpp">
      <Filter>Header Files</Filter>
    </ClInclude>
    <ClInclude Include="Agui\Graphics.hpp">
      <Filter>Header Files</Filter>
    </ClInclude>
    <ClInclude Include="Agui\FontLoader.hpp">
      <Filter>Header Files</Filter>
    </ClInclude>
    <ClInclude Include="Agui\Font.hpp">
      <Filter>Header Files</Filter>
    </ClInclude>
    <ClInclude Include="Agui\FocusManager.hpp">
      <Filter>Header Files</Filter>
    </ClInclude>
    <ClInclude Include="Agui\FocusListener.hpp">
      <Filter>Header Files</Filter>
    </ClInclude>
    <ClInclude Include="Agui\FlowLayout.hpp">
      <Filter>Header Files</Filter>
    </ClInclude>
    <ClInclude Include="Agui\EventArgs.hpp">
      <Filter>Header Files</Filter>
    </ClInclude>
    <ClInclude Include="Agui\Enumerations.hpp">
      <Filter>Header Files</Filter>
    </ClInclude>
    <ClInclude Include="Agui\Constants.h">
      <Filter>Header Files</Filter>
    </ClInclude>
    <ClInclude Include="Agui\Backends\Allegro5\Allegro5CursorProvider.hpp">
      <Filter>Header Files\Backends</Filter>
    </ClInclude>
    <ClInclude Include="Agui\Backends\Allegro5\Allegro5Font.hpp">
      <Filter>Header Files\Backends</Filter>
    </ClInclude>
    <ClInclude Include="Agui\Backends\Allegro5\Allegro5FontLoader.hpp">
      <Filter>Header Files\Backends</Filter>
    </ClInclude>
    <ClInclude Include="Agui\Backends\Allegro5\Allegro5Graphics.hpp">
      <Filter>Header Files\Backends</Filter>
    </ClInclude>
    <ClInclude Include="Agui\Backends\Allegro5\Allegro5Image.hpp">
      <Filter>Header Files\Backends</Filter>
    </ClInclude>
    <ClInclude Include="Agui\Backends\Allegro5\Allegro5ImageLoader.hpp">
      <Filter>Header Files\Backends</Filter>
    </ClInclude>
    <ClInclude Include="Agui\Backends\Allegro5\Allegro5Input.hpp">
      <Filter>Header Files\Backends</Filter>
    </ClInclude>
    <ClInclude Include="Agui\Backends\Allegro5\Allegro5.hpp">
      <Filter>Header Files\Backends</Filter>
    </ClInclude>
    <ClInclude Include="Agui\TextureManager.h">
      <Filter>Header Files</Filter>
    </ClInclude>
    <ClInclude Include="Agui\Base\WindowManager.h">
      <Filter>Header Files\Base</Filter>
    </ClInclude>
    <ClInclude Include="Agui\InventoryDisplay.h">
      <Filter>Header Files\Base</Filter>
    </ClInclude>
    <ClInclude Include="Agui\Base\Colors.h">
      <Filter>Header Files\Base</Filter>
    </ClInclude>
    <ClInclude Include="Agui\Base\BaseWindow.h">
      <Filter>Header Files\Widgets</Filter>
    </ClInclude>
    <ClInclude Include="Agui\Widgets\Button\Button.hpp">
      <Filter>Header Files\Widgets</Filter>
    </ClInclude>
    <ClInclude Include="Agui\Widgets\Button\ButtonGroup.hpp">
      <Filter>Header Files\Widgets</Filter>
    </ClInclude>
    <ClInclude Include="Agui\Widgets\Button\ButtonListener.hpp">
      <Filter>Header Files\Widgets</Filter>
    </ClInclude>
    <ClInclude Include="Agui\Widgets\CheckBox\CheckBox.hpp">
      <Filter>Header Files\Widgets</Filter>
    </ClInclude>
    <ClInclude Include="Agui\Widgets\CheckBox\CheckBoxListener.hpp">
      <Filter>Header Files\Widgets</Filter>
    </ClInclude>
    <ClInclude Include="Agui\Widgets\DropDown\DropDown.hpp">
      <Filter>Header Files\Widgets</Filter>
    </ClInclude>
    <ClInclude Include="Agui\Widgets\DropDown\DropDownListener.hpp">
      <Filter>Header Files\Widgets</Filter>
    </ClInclude>
    <ClInclude Include="Agui\EmptyWidget.hpp">
      <Filter>Header Files\Widgets</Filter>
    </ClInclude>
    <ClInclude Include="Agui\Widgets\TextBox\ExtendedTextBox.hpp">
      <Filter>Header Files\Widgets</Filter>
    </ClInclude>
    <ClInclude Include="Agui\Widgets\ScrollBar\HScrollBar.hpp">
      <Filter>Header Files\Widgets</Filter>
    </ClInclude>
    <ClInclude Include="Agui\Widgets\ScrollBar\HScrollBarListener.hpp">
      <Filter>Header Files\Widgets</Filter>
    </ClInclude>
    <ClInclude Include="Agui\InventorySlot.hpp">
      <Filter>Header Files\Widgets</Filter>
    </ClInclude>
    <ClInclude Include="Agui\Widgets\Label\Label.hpp">
      <Filter>Header Files\Widgets</Filter>
    </ClInclude>
    <ClInclude Include="Agui\Widgets\Label\LabelListener.hpp">
      <Filter>Header Files\Widgets</Filter>
    </ClInclude>
    <ClInclude Include="Agui\Widgets\ListBox\ListBox.hpp">
      <Filter>Header Files\Widgets</Filter>
    </ClInclude>
    <ClInclude Include="Agui\Widgets\ListBox\ListBoxListener.hpp">
      <Filter>Header Files\Widgets</Filter>
    </ClInclude>
    <ClInclude Include="Agui\Widgets\RadioButton\RadioButton.hpp">
      <Filter>Header Files\Widgets</Filter>
    </ClInclude>
    <ClInclude Include="Agui\Widgets\RadioButton\RadioButtonGroup.hpp">
      <Filter>Header Files\Widgets</Filter>
    </ClInclude>
    <ClInclude Include="Agui\Widgets\RadioButton\RadioButtonListener.hpp">
      <Filter>Header Files\Widgets</Filter>
    </ClInclude>
    <ClInclude Include="Agui\Widgets\PopUp\PopUpMenuItem.hpp">
      <Filter>Header Files\Widgets</Filter>
    </ClInclude>
    <ClInclude Include="Agui\Widgets\PopUp\PopUpMenu.hpp">
      <Filter>Header Files\Widgets</Filter>
    </ClInclude>
    <ClInclude Include="Agui\Widgets\Slider\SliderListener.hpp">
      <Filter>Header Files\Widgets</Filter>
    </ClInclude>
    <ClInclude Include="Agui\Widgets\Slider\Slider.hpp">
      <Filter>Header Files\Widgets</Filter>
    </ClInclude>
    <ClInclude Include="Agui\Widgets\TextBox\TextBox.hpp">
      <Filter>Header Files\Widgets</Filter>
    </ClInclude>
    <ClInclude Include="Agui\Widgets\TextBox\TextBoxListener.hpp">
      <Filter>Header Files\Widgets</Filter>
    </ClInclude>
    <ClInclude Include="Agui\Widgets\TextField\TextField.hpp">
      <Filter>Header Files\Widgets</Filter>
    </ClInclude>
    <ClInclude Include="Agui\Widgets\TextField\TextFieldListener.hpp">
      <Filter>Header Files\Widgets</Filter>
    </ClInclude>
    <ClInclude Include="Agui\Widgets\ScrollBar\VScrollBar.hpp">
      <Filter>Header Files\Widgets</Filter>
    </ClInclude>
    <ClInclude Include="Agui\Widgets\ScrollBar\VScrollBarListener.hpp">
      <Filter>Header Files\Widgets</Filter>
    </ClInclude>
    <ClInclude Include="Agui\Widget.hpp">
      <Filter>Header Files\Widgets</Filter>
    </ClInclude>
    <ClInclude Include="Agui\WidgetListener.hpp">
      <Filter>Header Files\Widgets</Filter>
    </ClInclude>
  </ItemGroup>
  <ItemGroup>
    <ClCompile Include="Agui\Dimension.cpp">
      <Filter>Source Files</Filter>
    </ClCompile>
    <ClCompile Include="Agui\CursorProvider.cpp">
      <Filter>Source Files</Filter>
    </ClCompile>
    <ClCompile Include="Agui\BorderLayout.cpp">
      <Filter>Source Files</Filter>
    </ClCompile>
    <ClCompile Include="Agui\BlinkingEvent.cpp">
      <Filter>Source Files</Filter>
    </ClCompile>
    <ClCompile Include="Agui\BaseTypes.cpp">
      <Filter>Source Files</Filter>
    </ClCompile>
    <ClCompile Include="Agui\ActionListener.cpp">
      <Filter>Source Files</Filter>
    </ClCompile>
    <ClCompile Include="Agui\ActionEvent.cpp">
      <Filter>Source Files</Filter>
    </ClCompile>
    <ClCompile Include="Agui\Widgets\ToolTip\ToolTip.cpp">
      <Filter>Source Files</Filter>
    </ClCompile>
    <ClCompile Include="Agui\Widgets\TextField\TextFieldListener.cpp">
      <Filter>Source Files</Filter>
    </ClCompile>
    <ClCompile Include="Agui\Widgets\TextField\TextField.cpp">
      <Filter>Source Files</Filter>
    </ClCompile>
    <ClCompile Include="Agui\Widgets\TextBox\TextBoxListener.cpp">
      <Filter>Source Files</Filter>
    </ClCompile>
    <ClCompile Include="Agui\Widgets\TextBox\TextBox.cpp">
      <Filter>Source Files</Filter>
    </ClCompile>
    <ClCompile Include="Agui\Widgets\TextBox\ExtendedTextBox.cpp">
      <Filter>Source Files</Filter>
    </ClCompile>
    <ClCompile Include="Agui\Widgets\Tab\TabbedPaneListener.cpp">
      <Filter>Source Files</Filter>
    </ClCompile>
    <ClCompile Include="Agui\Widgets\Tab\TabbedPane.cpp">
      <Filter>Source Files</Filter>
    </ClCompile>
    <ClCompile Include="Agui\Widgets\Tab\Tab.cpp">
      <Filter>Source Files</Filter>
    </ClCompile>
    <ClCompile Include="Agui\Widgets\Slider\SliderListener.cpp">
      <Filter>Source Files</Filter>
    </ClCompile>
    <ClCompile Include="Agui\Widgets\Slider\Slider.cpp">
      <Filter>Source Files</Filter>
    </ClCompile>
    <ClCompile Include="Agui\Widgets\ScrollPane\ScrollPane.cpp">
      <Filter>Source Files</Filter>
    </ClCompile>
    <ClCompile Include="Agui\Widgets\ScrollBar\VScrollBarListener.cpp">
      <Filter>Source Files</Filter>
    </ClCompile>
    <ClCompile Include="Agui\Widgets\ScrollBar\VScrollBar.cpp">
      <Filter>Source Files</Filter>
    </ClCompile>
    <ClCompile Include="Agui\Widgets\ScrollBar\HScrollBarListener.cpp">
      <Filter>Source Files</Filter>
    </ClCompile>
    <ClCompile Include="Agui\Widgets\ScrollBar\HScrollBar.cpp">
      <Filter>Source Files</Filter>
    </ClCompile>
    <ClCompile Include="Agui\Widgets\RadioButton\RadioButtonListener.cpp">
      <Filter>Source Files</Filter>
    </ClCompile>
    <ClCompile Include="Agui\Widgets\RadioButton\RadioButtonGroup.cpp">
      <Filter>Source Files</Filter>
    </ClCompile>
    <ClCompile Include="Agui\Widgets\RadioButton\RadioButton.cpp">
      <Filter>Source Files</Filter>
    </ClCompile>
    <ClCompile Include="Agui\Widgets\PopUp\PopUpMenuItem.cpp">
      <Filter>Source Files</Filter>
    </ClCompile>
    <ClCompile Include="Agui\Widgets\PopUp\PopUpMenu.cpp">
      <Filter>Source Files</Filter>
    </ClCompile>
    <ClCompile Include="Agui\Widgets\ListBox\ListBoxListener.cpp">
      <Filter>Source Files</Filter>
    </ClCompile>
    <ClCompile Include="Agui\Widgets\ListBox\ListBox.cpp">
      <Filter>Source Files</Filter>
    </ClCompile>
    <ClCompile Include="Agui\Widgets\Label\LabelListener.cpp">
      <Filter>Source Files</Filter>
    </ClCompile>
    <ClCompile Include="Agui\Widgets\Label\Label.cpp">
      <Filter>Source Files</Filter>
    </ClCompile>
    <ClCompile Include="Agui\Widgets\ImageWidget\ImageWidget.cpp">
      <Filter>Source Files</Filter>
    </ClCompile>
    <ClCompile Include="Agui\Widgets\Frame\FrameListener.cpp">
      <Filter>Source Files</Filter>
    </ClCompile>
    <ClCompile Include="Agui\Widgets\Frame\Frame.cpp">
      <Filter>Source Files</Filter>
    </ClCompile>
    <ClCompile Include="Agui\Widgets\DropDown\DropDownListener.cpp">
      <Filter>Source Files</Filter>
    </ClCompile>
    <ClCompile Include="Agui\Widgets\DropDown\DropDown.cpp">
      <Filter>Source Files</Filter>
    </ClCompile>
    <ClCompile Include="Agui\Widgets\CheckBox\CheckBoxListener.cpp">
      <Filter>Source Files</Filter>
    </ClCompile>
    <ClCompile Include="Agui\Widgets\CheckBox\CheckBox.cpp">
      <Filter>Source Files</Filter>
    </ClCompile>
    <ClCompile Include="Agui\Widgets\Button\ButtonListener.cpp">
      <Filter>Source Files</Filter>
    </ClCompile>
    <ClCompile Include="Agui\Widgets\Button\ButtonGroup.cpp">
      <Filter>Source Files</Filter>
    </ClCompile>
    <ClCompile Include="Agui\Widgets\Button\Button.cpp">
      <Filter>Source Files</Filter>
    </ClCompile>
    <ClCompile Include="Agui\Clipboard\WinClipboard.cpp">
      <Filter>Source Files</Filter>
    </ClCompile>
    <ClCompile Include="Agui\Clipboard\Clipboard.cpp">
      <Filter>Source Files</Filter>
    </ClCompile>
    <ClCompile Include="Agui\WidgetListener.cpp">
      <Filter>Source Files</Filter>
    </ClCompile>
    <ClCompile Include="Agui\Widget.cpp">
      <Filter>Source Files</Filter>
    </ClCompile>
    <ClCompile Include="Agui\Transform.cpp">
      <Filter>Source Files</Filter>
    </ClCompile>
    <ClCompile Include="Agui\TopContainer.cpp">
      <Filter>Source Files</Filter>
    </ClCompile>
    <ClCompile Include="Agui\TapListener.cpp">
      <Filter>Source Files</Filter>
    </ClCompile>
    <ClCompile Include="Agui\TableLayout.cpp">
      <Filter>Source Files</Filter>
    </ClCompile>
    <ClCompile Include="Agui\SelectionListener.cpp">
      <Filter>Source Files</Filter>
    </ClCompile>
    <ClCompile Include="Agui\ResizableText.cpp">
      <Filter>Source Files</Filter>
    </ClCompile>
    <ClCompile Include="Agui\ResizableBorderLayout.cpp">
      <Filter>Source Files</Filter>
    </ClCompile>
    <ClCompile Include="Agui\Rectangle.cpp">
      <Filter>Source Files</Filter>
    </ClCompile>
    <ClCompile Include="Agui\Point.cpp">
      <Filter>Source Files</Filter>
    </ClCompile>
    <ClCompile Include="Agui\MouseListener.cpp">
      <Filter>Source Files</Filter>
    </ClCompile>
    <ClCompile Include="Agui\Layout.cpp">
      <Filter>Source Files</Filter>
    </ClCompile>
    <ClCompile Include="Agui\KeyboardListener.cpp">
      <Filter>Source Files</Filter>
    </ClCompile>
    <ClCompile Include="Agui\Input.cpp">
      <Filter>Source Files</Filter>
    </ClCompile>
    <ClCompile Include="Agui\Image.cpp">
      <Filter>Source Files</Filter>
    </ClCompile>
    <ClCompile Include="Agui\Gui.cpp">
      <Filter>Source Files</Filter>
    </ClCompile>
    <ClCompile Include="Agui\GridLayout.cpp">
      <Filter>Source Files</Filter>
    </ClCompile>
    <ClCompile Include="Agui\Graphics.cpp">
      <Filter>Source Files</Filter>
    </ClCompile>
    <ClCompile Include="Agui\Font.cpp">
      <Filter>Source Files</Filter>
    </ClCompile>
    <ClCompile Include="Agui\FocusManager.cpp">
      <Filter>Source Files</Filter>
    </ClCompile>
    <ClCompile Include="Agui\FocusListener.cpp">
      <Filter>Source Files</Filter>
    </ClCompile>
    <ClCompile Include="Agui\FlowLayout.cpp">
      <Filter>Source Files</Filter>
    </ClCompile>
    <ClCompile Include="Agui\EventArgs.cpp">
      <Filter>Source Files</Filter>
    </ClCompile>
    <ClCompile Include="Agui\EmptyWidget.cpp">
      <Filter>Source Files</Filter>
    </ClCompile>
    <ClCompile Include="Agui\InventorySlot.cpp">
      <Filter>Source Files</Filter>
    </ClCompile>
    <ClCompile Include="Agui\Backends\Allegro5\Allegro5FontLoader.cpp">
      <Filter>Source Files</Filter>
    </ClCompile>
    <ClCompile Include="Agui\Backends\Allegro5\Allegro5Graphics.cpp">
      <Filter>Source Files</Filter>
    </ClCompile>
    <ClCompile Include="Agui\Backends\Allegro5\Allegro5Image.cpp">
      <Filter>Source Files</Filter>
    </ClCompile>
    <ClCompile Include="Agui\Backends\Allegro5\Allegro5ImageLoader.cpp">
      <Filter>Source Files</Filter>
    </ClCompile>
    <ClCompile Include="Agui\Backends\Allegro5\Allegro5Input.cpp">
      <Filter>Source Files</Filter>
    </ClCompile>
    <ClCompile Include="Agui\Backends\Allegro5\Allegro5CursorProvider.cpp">
      <Filter>Source Files</Filter>
    </ClCompile>
    <ClCompile Include="Agui\Backends\Allegro5\Allegro5Font.cpp">
      <Filter>Source Files</Filter>
    </ClCompile>
    <ClCompile Include="Agui\TextureManager.cpp">
      <Filter>Source Files</Filter>
    </ClCompile>
    <ClCompile Include="Agui\Base\BaseWindow.cpp">
      <Filter>Source Files</Filter>
    </ClCompile>
    <ClCompile Include="Agui\Base\WindowManager.cpp">
      <Filter>Source Files</Filter>
    </ClCompile>
    <ClCompile Include="Agui\Color.cpp">
      <Filter>Source Files</Filter>
    </ClCompile>
    <ClCompile Include="Agui\InventoryDisplay.cpp">
      <Filter>Source Files</Filter>
    </ClCompile>
  </ItemGroup>
  <ItemGroup>
    <None Include="packages.config" />
  </ItemGroup>
</Project>